
Microsoft Visual Studio Solution File, Format Version 11.00
# Visual Studio 2010
Project("{FAE04EC0-301F-11D3-BF4B-00C04F79EFBC}") = "Aplus", "Aplus\Aplus.csproj", "{CC604C2D-F3A4-4F14-8E75-E29F11386724}"
EndProject
Project("{FAE04EC0-301F-11D3-BF4B-00C04F79EFBC}") = "AplusCore", "AplusCore\AplusCore.csproj", "{DC8B8C65-16A9-49FC-9819-DBCC2B8B2A5F}"
EndProject
Project("{FAE04EC0-301F-11D3-BF4B-00C04F79EFBC}") = "AplusCoreUnitTests", "AplusCoreUnitTests\AplusCoreUnitTests.csproj", "{C77561BB-F380-448E-A4F8-F7D787296ED1}"
EndProject
Project("{2150E333-8FDC-42A3-9474-1A3956D46DE8}") = "Solution Items", "Solution Items", "{63B109FE-5B48-4A95-BABF-92C6E0EF811E}"
	ProjectSection(SolutionItems) = preProject
		Aplus.vsmdi = Aplus.vsmdi
		CodeCoverage.testsettings = CodeCoverage.testsettings
		Local.testsettings = Local.testsettings
		TraceAndTestImpact.testsettings = TraceAndTestImpact.testsettings
	EndProjectSection
EndProject
Project("{FAE04EC0-301F-11D3-BF4B-00C04F79EFBC}") = "DllBuilder", "DllBuilder\DllBuilder.csproj", "{2472AC6E-13F3-4535-916F-F7268BE2CA36}"
EndProject
Project("{FAE04EC0-301F-11D3-BF4B-00C04F79EFBC}") = "DllConsumer", "DllConsumer\DllConsumer.csproj", "{CE8FA8C5-60CF-4BEB-A387-4659CB5C0DF8}"
EndProject
Project("{FAE04EC0-301F-11D3-BF4B-00C04F79EFBC}") = "AplusDllCompiler", "AplusDllCompiler\AplusDllCompiler.csproj", "{89248666-DEBE-46A9-AC9B-5BFE683DB649}"
EndProject
Global
	GlobalSection(TestCaseManagementSettings) = postSolution
		CategoryFile = Aplus.vsmdi
	EndGlobalSection
	GlobalSection(SolutionConfigurationPlatforms) = preSolution
		Debug|Any CPU = Debug|Any CPU
		Debug|Mixed Platforms = Debug|Mixed Platforms
		Debug|x86 = Debug|x86
		Release|Any CPU = Release|Any CPU
		Release|Mixed Platforms = Release|Mixed Platforms
		Release|x86 = Release|x86
	EndGlobalSection
	GlobalSection(ProjectConfigurationPlatforms) = postSolution
		{CC604C2D-F3A4-4F14-8E75-E29F11386724}.Debug|Any CPU.ActiveCfg = Debug|x86
		{CC604C2D-F3A4-4F14-8E75-E29F11386724}.Debug|Mixed Platforms.ActiveCfg = Debug|x86
		{CC604C2D-F3A4-4F14-8E75-E29F11386724}.Debug|Mixed Platforms.Build.0 = Debug|x86
		{CC604C2D-F3A4-4F14-8E75-E29F11386724}.Debug|x86.ActiveCfg = Debug|x86
		{CC604C2D-F3A4-4F14-8E75-E29F11386724}.Debug|x86.Build.0 = Debug|x86
		{CC604C2D-F3A4-4F14-8E75-E29F11386724}.Release|Any CPU.ActiveCfg = Release|x86
		{CC604C2D-F3A4-4F14-8E75-E29F11386724}.Release|Mixed Platforms.ActiveCfg = Release|x86
		{CC604C2D-F3A4-4F14-8E75-E29F11386724}.Release|Mixed Platforms.Build.0 = Release|x86
		{CC604C2D-F3A4-4F14-8E75-E29F11386724}.Release|x86.ActiveCfg = Release|x86
		{CC604C2D-F3A4-4F14-8E75-E29F11386724}.Release|x86.Build.0 = Release|x86
		{DC8B8C65-16A9-49FC-9819-DBCC2B8B2A5F}.Debug|Any CPU.ActiveCfg = Debug|Any CPU
		{DC8B8C65-16A9-49FC-9819-DBCC2B8B2A5F}.Debug|Any CPU.Build.0 = Debug|Any CPU
		{DC8B8C65-16A9-49FC-9819-DBCC2B8B2A5F}.Debug|Mixed Platforms.ActiveCfg = Debug|Any CPU
		{DC8B8C65-16A9-49FC-9819-DBCC2B8B2A5F}.Debug|Mixed Platforms.Build.0 = Debug|Any CPU
		{DC8B8C65-16A9-49FC-9819-DBCC2B8B2A5F}.Debug|x86.ActiveCfg = Debug|Any CPU
		{DC8B8C65-16A9-49FC-9819-DBCC2B8B2A5F}.Release|Any CPU.ActiveCfg = Release|Any CPU
		{DC8B8C65-16A9-49FC-9819-DBCC2B8B2A5F}.Release|Any CPU.Build.0 = Release|Any CPU
		{DC8B8C65-16A9-49FC-9819-DBCC2B8B2A5F}.Release|Mixed Platforms.ActiveCfg = Release|Any CPU
		{DC8B8C65-16A9-49FC-9819-DBCC2B8B2A5F}.Release|Mixed Platforms.Build.0 = Release|Any CPU
		{DC8B8C65-16A9-49FC-9819-DBCC2B8B2A5F}.Release|x86.ActiveCfg = Release|Any CPU
		{C77561BB-F380-448E-A4F8-F7D787296ED1}.Debug|Any CPU.ActiveCfg = Debug|Any CPU
		{C77561BB-F380-448E-A4F8-F7D787296ED1}.Debug|Any CPU.Build.0 = Debug|Any CPU
		{C77561BB-F380-448E-A4F8-F7D787296ED1}.Debug|Mixed Platforms.ActiveCfg = Debug|Any CPU
		{C77561BB-F380-448E-A4F8-F7D787296ED1}.Debug|Mixed Platforms.Build.0 = Debug|Any CPU
		{C77561BB-F380-448E-A4F8-F7D787296ED1}.Debug|x86.ActiveCfg = Debug|Any CPU
		{C77561BB-F380-448E-A4F8-F7D787296ED1}.Release|Any CPU.ActiveCfg = Release|Any CPU
		{C77561BB-F380-448E-A4F8-F7D787296ED1}.Release|Any CPU.Build.0 = Release|Any CPU
		{C77561BB-F380-448E-A4F8-F7D787296ED1}.Release|Mixed Platforms.ActiveCfg = Release|Any CPU
		{C77561BB-F380-448E-A4F8-F7D787296ED1}.Release|Mixed Platforms.Build.0 = Release|Any CPU
		{C77561BB-F380-448E-A4F8-F7D787296ED1}.Release|x86.ActiveCfg = Release|Any CPU
		{2472AC6E-13F3-4535-916F-F7268BE2CA36}.Debug|Any CPU.ActiveCfg = Debug|x86
		{2472AC6E-13F3-4535-916F-F7268BE2CA36}.Debug|Mixed Platforms.ActiveCfg = Debug|x86
		{2472AC6E-13F3-4535-916F-F7268BE2CA36}.Debug|Mixed Platforms.Build.0 = Debug|x86
		{2472AC6E-13F3-4535-916F-F7268BE2CA36}.Debug|x86.ActiveCfg = Debug|x86
		{2472AC6E-13F3-4535-916F-F7268BE2CA36}.Debug|x86.Build.0 = Debug|x86
		{2472AC6E-13F3-4535-916F-F7268BE2CA36}.Release|Any CPU.ActiveCfg = Release|x86
		{2472AC6E-13F3-4535-916F-F7268BE2CA36}.Release|Mixed Platforms.ActiveCfg = Release|x86
		{2472AC6E-13F3-4535-916F-F7268BE2CA36}.Release|Mixed Platforms.Build.0 = Release|x86
		{2472AC6E-13F3-4535-916F-F7268BE2CA36}.Release|x86.ActiveCfg = Release|x86
		{2472AC6E-13F3-4535-916F-F7268BE2CA36}.Release|x86.Build.0 = Release|x86
		{CE8FA8C5-60CF-4BEB-A387-4659CB5C0DF8}.Debug|Any CPU.ActiveCfg = Debug|x86
		{CE8FA8C5-60CF-4BEB-A387-4659CB5C0DF8}.Debug|Mixed Platforms.ActiveCfg = Debug|x86
		{CE8FA8C5-60CF-4BEB-A387-4659CB5C0DF8}.Debug|Mixed Platforms.Build.0 = Debug|x86
		{CE8FA8C5-60CF-4BEB-A387-4659CB5C0DF8}.Debug|x86.ActiveCfg = Debug|x86
		{CE8FA8C5-60CF-4BEB-A387-4659CB5C0DF8}.Debug|x86.Build.0 = Debug|x86
		{CE8FA8C5-60CF-4BEB-A387-4659CB5C0DF8}.Release|Any CPU.ActiveCfg = Release|x86
		{CE8FA8C5-60CF-4BEB-A387-4659CB5C0DF8}.Release|Mixed Platforms.ActiveCfg = Release|x86
		{CE8FA8C5-60CF-4BEB-A387-4659CB5C0DF8}.Release|Mixed Platforms.Build.0 = Release|x86
		{CE8FA8C5-60CF-4BEB-A387-4659CB5C0DF8}.Release|x86.ActiveCfg = Release|x86
		{CE8FA8C5-60CF-4BEB-A387-4659CB5C0DF8}.Release|x86.Build.0 = Release|x86
		{89248666-DEBE-46A9-AC9B-5BFE683DB649}.Debug|Any CPU.ActiveCfg = Debug|x86
		{89248666-DEBE-46A9-AC9B-5BFE683DB649}.Debug|Mixed Platforms.ActiveCfg = Debug|x86
		{89248666-DEBE-46A9-AC9B-5BFE683DB649}.Debug|Mixed Platforms.Build.0 = Debug|x86
		{89248666-DEBE-46A9-AC9B-5BFE683DB649}.Debug|x86.ActiveCfg = Debug|x86
		{89248666-DEBE-46A9-AC9B-5BFE683DB649}.Debug|x86.Build.0 = Debug|x86
		{89248666-DEBE-46A9-AC9B-5BFE683DB649}.Release|Any CPU.ActiveCfg = Release|x86
		{89248666-DEBE-46A9-AC9B-5BFE683DB649}.Release|Mixed Platforms.ActiveCfg = Release|x86
		{89248666-DEBE-46A9-AC9B-5BFE683DB649}.Release|Mixed Platforms.Build.0 = Release|x86
		{89248666-DEBE-46A9-AC9B-5BFE683DB649}.Release|x86.ActiveCfg = Release|x86
		{89248666-DEBE-46A9-AC9B-5BFE683DB649}.Release|x86.Build.0 = Release|x86
	EndGlobalSection
	GlobalSection(SolutionProperties) = preSolution
		HideSolutionNode = FALSE
	EndGlobalSection
EndGlobal
